
Microsoft Visual Studio Solution File, Format Version 12.00
# Visual Studio 15
VisualStudioVersion = 15.0.28010.2046
MinimumVisualStudioVersion = 10.0.40219.1
Project("{FAE04EC0-301F-11D3-BF4B-00C04F79EFBC}") = "SportClips", "SportClips\SportClips.csproj", "{CBDEB7F3-3CFC-41A4-B5A8-ED4889734510}"
EndProject
Global
	GlobalSection(SolutionConfigurationPlatforms) = preSolution
		Debug|Any CPU = Debug|Any CPU
		Release|Any CPU = Release|Any CPU
	EndGlobalSection
	GlobalSection(ProjectConfigurationPlatforms) = postSolution
		{CBDEB7F3-3CFC-41A4-B5A8-ED4889734510}.Debug|Any CPU.ActiveCfg = Debug|Any CPU
		{CBDEB7F3-3CFC-41A4-B5A8-ED4889734510}.Debug|Any CPU.Build.0 = Debug|Any CPU
		{CBDEB7F3-3CFC-41A4-B5A8-ED4889734510}.Release|Any CPU.ActiveCfg = Release|Any CPU
		{CBDEB7F3-3CFC-41A4-B5A8-ED4889734510}.Release|Any CPU.Build.0 = Release|Any CPU
	EndGlobalSection
	GlobalSection(SolutionProperties) = preSolution
		HideSolutionNode = FALSE
	EndGlobalSection
	GlobalSection(ExtensibilityGlobals) = postSolution
		SolutionGuid = {3E9229EA-48A2-45DA-98ED-E32FFF86317C}
	EndGlobalSection
EndGlobal
